
Microsoft Visual Studio Solution File, Format Version 12.00
# Visual Studio 15
VisualStudioVersion = 15.0.26124.0
MinimumVisualStudioVersion = 15.0.26124.0
Project("{2150E333-8FDC-42A3-9474-1A3956D46DE8}") = "src", "src", "{D925528F-8735-4892-829D-62A41F424806}"
EndProject
Project("{F2A71F9B-5D33-465A-A702-920D77279786}") = "Kita", "src\Kita\Kita.fsproj", "{E93C68A4-27E3-45A6-B000-679B3EF17444}"
EndProject
Project("{F2A71F9B-5D33-465A-A702-920D77279786}") = "Kita.Providers", "src\Kita.Providers\Kita.Providers.fsproj", "{C25703DD-2947-4077-B8EB-B9627E7808DD}"
EndProject
Project("{F2A71F9B-5D33-465A-A702-920D77279786}") = "Kita.Providers.Azure", "src\Kita.Providers.Azure\Kita.Providers.Azure.fsproj", "{A342C1DD-E9E9-40F7-BD52-317011B8B39D}"
EndProject
Project("{F2A71F9B-5D33-465A-A702-920D77279786}") = "Kita.Providers.Local", "src\Kita.Providers.Local\Kita.Providers.Local.fsproj", "{7CED53B6-6E3A-4B69-A696-0E63E7D9CCBD}"
EndProject
Project("{F2A71F9B-5D33-465A-A702-920D77279786}") = "Kita.Resources", "src\Kita.Resources\Kita.Resources.fsproj", "{A968F25F-7E74-4DED-94B3-82E769A14E16}"
EndProject
Project("{2150E333-8FDC-42A3-9474-1A3956D46DE8}") = "tests", "tests", "{A250C786-D924-4E06-A610-A0E5627999A2}"
EndProject
Project("{F2A71F9B-5D33-465A-A702-920D77279786}") = "Kita.Providers.Azure.Test", "tests\Kita.Providers.Azure.Test\Kita.Providers.Azure.Test.fsproj", "{FDA84744-C33D-41A5-B90E-4ECC011EE000}"
EndProject
Project("{F2A71F9B-5D33-465A-A702-920D77279786}") = "Kita.Providers.Local.Test", "tests\Kita.Providers.Local.Test\Kita.Providers.Local.Test.fsproj", "{DE20782F-C48F-46DB-8B23-30456AC65A0B}"
EndProject
Project("{F2A71F9B-5D33-465A-A702-920D77279786}") = "Kita.Test", "tests\Kita.Test\Kita.Test.fsproj", "{4D234982-E3A0-43EE-98DB-3579CA339A12}"
EndProject
Project("{2150E333-8FDC-42A3-9474-1A3956D46DE8}") = "Kita.Providers.Azure.Test", "Kita.Providers.Azure.Test", "{14C7B401-23A3-4B3C-8526-00D5C5464878}"
EndProject
Project("{F2A71F9B-5D33-465A-A702-920D77279786}") = "PulumiPrototype", "tests\Kita.Providers.Azure.Test\PulumiPrototype\PulumiPrototype.fsproj", "{FDC6BE13-1C51-4E5A-B37E-AA08023E7532}"
EndProject
Global
	GlobalSection(SolutionConfigurationPlatforms) = preSolution
		Debug|Any CPU = Debug|Any CPU
		Debug|x64 = Debug|x64
		Debug|x86 = Debug|x86
		Release|Any CPU = Release|Any CPU
		Release|x64 = Release|x64
		Release|x86 = Release|x86
	EndGlobalSection
	GlobalSection(SolutionProperties) = preSolution
		HideSolutionNode = FALSE
	EndGlobalSection
	GlobalSection(ProjectConfigurationPlatforms) = postSolution
		{E93C68A4-27E3-45A6-B000-679B3EF17444}.Debug|Any CPU.ActiveCfg = Debug|Any CPU
		{E93C68A4-27E3-45A6-B000-679B3EF17444}.Debug|Any CPU.Build.0 = Debug|Any CPU
		{E93C68A4-27E3-45A6-B000-679B3EF17444}.Debug|x64.ActiveCfg = Debug|Any CPU
		{E93C68A4-27E3-45A6-B000-679B3EF17444}.Debug|x64.Build.0 = Debug|Any CPU
		{E93C68A4-27E3-45A6-B000-679B3EF17444}.Debug|x86.ActiveCfg = Debug|Any CPU
		{E93C68A4-27E3-45A6-B000-679B3EF17444}.Debug|x86.Build.0 = Debug|Any CPU
		{E93C68A4-27E3-45A6-B000-679B3EF17444}.Release|Any CPU.ActiveCfg = Release|Any CPU
		{E93C68A4-27E3-45A6-B000-679B3EF17444}.Release|Any CPU.Build.0 = Release|Any CPU
		{E93C68A4-27E3-45A6-B000-679B3EF17444}.Release|x64.ActiveCfg = Release|Any CPU
		{E93C68A4-27E3-45A6-B000-679B3EF17444}.Release|x64.Build.0 = Release|Any CPU
		{E93C68A4-27E3-45A6-B000-679B3EF17444}.Release|x86.ActiveCfg = Release|Any CPU
		{E93C68A4-27E3-45A6-B000-679B3EF17444}.Release|x86.Build.0 = Release|Any CPU
		{C25703DD-2947-4077-B8EB-B9627E7808DD}.Debug|Any CPU.ActiveCfg = Debug|Any CPU
		{C25703DD-2947-4077-B8EB-B9627E7808DD}.Debug|Any CPU.Build.0 = Debug|Any CPU
		{C25703DD-2947-4077-B8EB-B9627E7808DD}.Debug|x64.ActiveCfg = Debug|Any CPU
		{C25703DD-2947-4077-B8EB-B9627E7808DD}.Debug|x64.Build.0 = Debug|Any CPU
		{C25703DD-2947-4077-B8EB-B9627E7808DD}.Debug|x86.ActiveCfg = Debug|Any CPU
		{C25703DD-2947-4077-B8EB-B9627E7808DD}.Debug|x86.Build.0 = Debug|Any CPU
		{C25703DD-2947-4077-B8EB-B9627E7808DD}.Release|Any CPU.ActiveCfg = Release|Any CPU
		{C25703DD-2947-4077-B8EB-B9627E7808DD}.Release|Any CPU.Build.0 = Release|Any CPU
		{C25703DD-2947-4077-B8EB-B9627E7808DD}.Release|x64.ActiveCfg = Release|Any CPU
		{C25703DD-2947-4077-B8EB-B9627E7808DD}.Release|x64.Build.0 = Release|Any CPU
		{C25703DD-2947-4077-B8EB-B9627E7808DD}.Release|x86.ActiveCfg = Release|Any CPU
		{C25703DD-2947-4077-B8EB-B9627E7808DD}.Release|x86.Build.0 = Release|Any CPU
		{A342C1DD-E9E9-40F7-BD52-317011B8B39D}.Debug|Any CPU.ActiveCfg = Debug|Any CPU
		{A342C1DD-E9E9-40F7-BD52-317011B8B39D}.Debug|Any CPU.Build.0 = Debug|Any CPU
		{A342C1DD-E9E9-40F7-BD52-317011B8B39D}.Debug|x64.ActiveCfg = Debug|Any CPU
		{A342C1DD-E9E9-40F7-BD52-317011B8B39D}.Debug|x64.Build.0 = Debug|Any CPU
		{A342C1DD-E9E9-40F7-BD52-317011B8B39D}.Debug|x86.ActiveCfg = Debug|Any CPU
		{A342C1DD-E9E9-40F7-BD52-317011B8B39D}.Debug|x86.Build.0 = Debug|Any CPU
		{A342C1DD-E9E9-40F7-BD52-317011B8B39D}.Release|Any CPU.ActiveCfg = Release|Any CPU
		{A342C1DD-E9E9-40F7-BD52-317011B8B39D}.Release|Any CPU.Build.0 = Release|Any CPU
		{A342C1DD-E9E9-40F7-BD52-317011B8B39D}.Release|x64.ActiveCfg = Release|Any CPU
		{A342C1DD-E9E9-40F7-BD52-317011B8B39D}.Release|x64.Build.0 = Release|Any CPU
		{A342C1DD-E9E9-40F7-BD52-317011B8B39D}.Release|x86.ActiveCfg = Release|Any CPU
		{A342C1DD-E9E9-40F7-BD52-317011B8B39D}.Release|x86.Build.0 = Release|Any CPU
		{7CED53B6-6E3A-4B69-A696-0E63E7D9CCBD}.Debug|Any CPU.ActiveCfg = Debug|Any CPU
		{7CED53B6-6E3A-4B69-A696-0E63E7D9CCBD}.Debug|Any CPU.Build.0 = Debug|Any CPU
		{7CED53B6-6E3A-4B69-A696-0E63E7D9CCBD}.Debug|x64.ActiveCfg = Debug|Any CPU
		{7CED53B6-6E3A-4B69-A696-0E63E7D9CCBD}.Debug|x64.Build.0 = Debug|Any CPU
		{7CED53B6-6E3A-4B69-A696-0E63E7D9CCBD}.Debug|x86.ActiveCfg = Debug|Any CPU
		{7CED53B6-6E3A-4B69-A696-0E63E7D9CCBD}.Debug|x86.Build.0 = Debug|Any CPU
		{7CED53B6-6E3A-4B69-A696-0E63E7D9CCBD}.Release|Any CPU.ActiveCfg = Release|Any CPU
		{7CED53B6-6E3A-4B69-A696-0E63E7D9CCBD}.Release|Any CPU.Build.0 = Release|Any CPU
		{7CED53B6-6E3A-4B69-A696-0E63E7D9CCBD}.Release|x64.ActiveCfg = Release|Any CPU
		{7CED53B6-6E3A-4B69-A696-0E63E7D9CCBD}.Release|x64.Build.0 = Release|Any CPU
		{7CED53B6-6E3A-4B69-A696-0E63E7D9CCBD}.Release|x86.ActiveCfg = Release|Any CPU
		{7CED53B6-6E3A-4B69-A696-0E63E7D9CCBD}.Release|x86.Build.0 = Release|Any CPU
		{A968F25F-7E74-4DED-94B3-82E769A14E16}.Debug|Any CPU.ActiveCfg = Debug|Any CPU
		{A968F25F-7E74-4DED-94B3-82E769A14E16}.Debug|Any CPU.Build.0 = Debug|Any CPU
		{A968F25F-7E74-4DED-94B3-82E769A14E16}.Debug|x64.ActiveCfg = Debug|Any CPU
		{A968F25F-7E74-4DED-94B3-82E769A14E16}.Debug|x64.Build.0 = Debug|Any CPU
		{A968F25F-7E74-4DED-94B3-82E769A14E16}.Debug|x86.ActiveCfg = Debug|Any CPU
		{A968F25F-7E74-4DED-94B3-82E769A14E16}.Debug|x86.Build.0 = Debug|Any CPU
		{A968F25F-7E74-4DED-94B3-82E769A14E16}.Release|Any CPU.ActiveCfg = Release|Any CPU
		{A968F25F-7E74-4DED-94B3-82E769A14E16}.Release|Any CPU.Build.0 = Release|Any CPU
		{A968F25F-7E74-4DED-94B3-82E769A14E16}.Release|x64.ActiveCfg = Release|Any CPU
		{A968F25F-7E74-4DED-94B3-82E769A14E16}.Release|x64.Build.0 = Release|Any CPU
		{A968F25F-7E74-4DED-94B3-82E769A14E16}.Release|x86.ActiveCfg = Release|Any CPU
		{A968F25F-7E74-4DED-94B3-82E769A14E16}.Release|x86.Build.0 = Release|Any CPU
		{FDA84744-C33D-41A5-B90E-4ECC011EE000}.Debug|Any CPU.ActiveCfg = Debug|Any CPU
		{FDA84744-C33D-41A5-B90E-4ECC011EE000}.Debug|Any CPU.Build.0 = Debug|Any CPU
		{FDA84744-C33D-41A5-B90E-4ECC011EE000}.Debug|x64.ActiveCfg = Debug|Any CPU
		{FDA84744-C33D-41A5-B90E-4ECC011EE000}.Debug|x64.Build.0 = Debug|Any CPU
		{FDA84744-C33D-41A5-B90E-4ECC011EE000}.Debug|x86.ActiveCfg = Debug|Any CPU
		{FDA84744-C33D-41A5-B90E-4ECC011EE000}.Debug|x86.Build.0 = Debug|Any CPU
		{FDA84744-C33D-41A5-B90E-4ECC011EE000}.Release|Any CPU.ActiveCfg = Release|Any CPU
		{FDA84744-C33D-41A5-B90E-4ECC011EE000}.Release|Any CPU.Build.0 = Release|Any CPU
		{FDA84744-C33D-41A5-B90E-4ECC011EE000}.Release|x64.ActiveCfg = Release|Any CPU
		{FDA84744-C33D-41A5-B90E-4ECC011EE000}.Release|x64.Build.0 = Release|Any CPU
		{FDA84744-C33D-41A5-B90E-4ECC011EE000}.Release|x86.ActiveCfg = Release|Any CPU
		{FDA84744-C33D-41A5-B90E-4ECC011EE000}.Release|x86.Build.0 = Release|Any CPU
		{DE20782F-C48F-46DB-8B23-30456AC65A0B}.Debug|Any CPU.ActiveCfg = Debug|Any CPU
		{DE20782F-C48F-46DB-8B23-30456AC65A0B}.Debug|Any CPU.Build.0 = Debug|Any CPU
		{DE20782F-C48F-46DB-8B23-30456AC65A0B}.Debug|x64.ActiveCfg = Debug|Any CPU
		{DE20782F-C48F-46DB-8B23-30456AC65A0B}.Debug|x64.Build.0 = Debug|Any CPU
		{DE20782F-C48F-46DB-8B23-30456AC65A0B}.Debug|x86.ActiveCfg = Debug|Any CPU
		{DE20782F-C48F-46DB-8B23-30456AC65A0B}.Debug|x86.Build.0 = Debug|Any CPU
		{DE20782F-C48F-46DB-8B23-30456AC65A0B}.Release|Any CPU.ActiveCfg = Release|Any CPU
		{DE20782F-C48F-46DB-8B23-30456AC65A0B}.Release|Any CPU.Build.0 = Release|Any CPU
		{DE20782F-C48F-46DB-8B23-30456AC65A0B}.Release|x64.ActiveCfg = Release|Any CPU
		{DE20782F-C48F-46DB-8B23-30456AC65A0B}.Release|x64.Build.0 = Release|Any CPU
		{DE20782F-C48F-46DB-8B23-30456AC65A0B}.Release|x86.ActiveCfg = Release|Any CPU
		{DE20782F-C48F-46DB-8B23-30456AC65A0B}.Release|x86.Build.0 = Release|Any CPU
		{4D234982-E3A0-43EE-98DB-3579CA339A12}.Debug|Any CPU.ActiveCfg = Debug|Any CPU
		{4D234982-E3A0-43EE-98DB-3579CA339A12}.Debug|Any CPU.Build.0 = Debug|Any CPU
		{4D234982-E3A0-43EE-98DB-3579CA339A12}.Debug|x64.ActiveCfg = Debug|Any CPU
		{4D234982-E3A0-43EE-98DB-3579CA339A12}.Debug|x64.Build.0 = Debug|Any CPU
		{4D234982-E3A0-43EE-98DB-3579CA339A12}.Debug|x86.ActiveCfg = Debug|Any CPU
		{4D234982-E3A0-43EE-98DB-3579CA339A12}.Debug|x86.Build.0 = Debug|Any CPU
		{4D234982-E3A0-43EE-98DB-3579CA339A12}.Release|Any CPU.ActiveCfg = Release|Any CPU
		{4D234982-E3A0-43EE-98DB-3579CA339A12}.Release|Any CPU.Build.0 = Release|Any CPU
		{4D234982-E3A0-43EE-98DB-3579CA339A12}.Release|x64.ActiveCfg = Release|Any CPU
		{4D234982-E3A0-43EE-98DB-3579CA339A12}.Release|x64.Build.0 = Release|Any CPU
		{4D234982-E3A0-43EE-98DB-3579CA339A12}.Release|x86.ActiveCfg = Release|Any CPU
		{4D234982-E3A0-43EE-98DB-3579CA339A12}.Release|x86.Build.0 = Release|Any CPU
		{FDC6BE13-1C51-4E5A-B37E-AA08023E7532}.Debug|Any CPU.ActiveCfg = Debug|Any CPU
		{FDC6BE13-1C51-4E5A-B37E-AA08023E7532}.Debug|Any CPU.Build.0 = Debug|Any CPU
		{FDC6BE13-1C51-4E5A-B37E-AA08023E7532}.Debug|x64.ActiveCfg = Debug|Any CPU
		{FDC6BE13-1C51-4E5A-B37E-AA08023E7532}.Debug|x64.Build.0 = Debug|Any CPU
		{FDC6BE13-1C51-4E5A-B37E-AA08023E7532}.Debug|x86.ActiveCfg = Debug|Any CPU
		{FDC6BE13-1C51-4E5A-B37E-AA08023E7532}.Debug|x86.Build.0 = Debug|Any CPU
		{FDC6BE13-1C51-4E5A-B37E-AA08023E7532}.Release|Any CPU.ActiveCfg = Release|Any CPU
		{FDC6BE13-1C51-4E5A-B37E-AA08023E7532}.Release|Any CPU.Build.0 = Release|Any CPU
		{FDC6BE13-1C51-4E5A-B37E-AA08023E7532}.Release|x64.ActiveCfg = Release|Any CPU
		{FDC6BE13-1C51-4E5A-B37E-AA08023E7532}.Release|x64.Build.0 = Release|Any CPU
		{FDC6BE13-1C51-4E5A-B37E-AA08023E7532}.Release|x86.ActiveCfg = Release|Any CPU
		{FDC6BE13-1C51-4E5A-B37E-AA08023E7532}.Release|x86.Build.0 = Release|Any CPU
	EndGlobalSection
	GlobalSection(NestedProjects) = preSolution
		{E93C68A4-27E3-45A6-B000-679B3EF17444} = {D925528F-8735-4892-829D-62A41F424806}
		{C25703DD-2947-4077-B8EB-B9627E7808DD} = {D925528F-8735-4892-829D-62A41F424806}
		{A342C1DD-E9E9-40F7-BD52-317011B8B39D} = {D925528F-8735-4892-829D-62A41F424806}
		{7CED53B6-6E3A-4B69-A696-0E63E7D9CCBD} = {D925528F-8735-4892-829D-62A41F424806}
		{A968F25F-7E74-4DED-94B3-82E769A14E16} = {D925528F-8735-4892-829D-62A41F424806}
		{FDA84744-C33D-41A5-B90E-4ECC011EE000} = {A250C786-D924-4E06-A610-A0E5627999A2}
		{DE20782F-C48F-46DB-8B23-30456AC65A0B} = {A250C786-D924-4E06-A610-A0E5627999A2}
		{4D234982-E3A0-43EE-98DB-3579CA339A12} = {A250C786-D924-4E06-A610-A0E5627999A2}
		{14C7B401-23A3-4B3C-8526-00D5C5464878} = {A250C786-D924-4E06-A610-A0E5627999A2}
		{FDC6BE13-1C51-4E5A-B37E-AA08023E7532} = {14C7B401-23A3-4B3C-8526-00D5C5464878}
	EndGlobalSection
EndGlobal
