
Microsoft Visual Studio Solution File, Format Version 12.00
# Visual Studio 15
VisualStudioVersion = 15.0.26124.0
MinimumVisualStudioVersion = 15.0.26124.0
Project("{2150E333-8FDC-42A3-9474-1A3956D46DE8}") = "tests", "tests", "{7A805FCB-91B1-4BE7-9DC5-E28E2F0329DD}"
EndProject
Project("{F2A71F9B-5D33-465A-A702-920D77279786}") = "Kita.Test", "tests\Kita.Test\Kita.Test.fsproj", "{81652AC4-E674-47C1-AEC1-D9808D2D6CAF}"
EndProject
Project("{F2A71F9B-5D33-465A-A702-920D77279786}") = "Kita.Providers.Azure.Test", "tests\Kita.Providers.Azure.Test\Kita.Providers.Azure.Test.fsproj", "{EE79EE21-AE67-4E18-B540-C23C6BB4917F}"
EndProject
Project("{F2A71F9B-5D33-465A-A702-920D77279786}") = "Kita.Providers.Local.Test", "tests\Kita.Providers.Local.Test\Kita.Providers.Local.Test.fsproj", "{2559E381-997B-49D3-A8C9-2845531CF64E}"
EndProject
Global
	GlobalSection(SolutionConfigurationPlatforms) = preSolution
		Debug|Any CPU = Debug|Any CPU
		Debug|x64 = Debug|x64
		Debug|x86 = Debug|x86
		Release|Any CPU = Release|Any CPU
		Release|x64 = Release|x64
		Release|x86 = Release|x86
	EndGlobalSection
	GlobalSection(SolutionProperties) = preSolution
		HideSolutionNode = FALSE
	EndGlobalSection
	GlobalSection(ProjectConfigurationPlatforms) = postSolution
		{81652AC4-E674-47C1-AEC1-D9808D2D6CAF}.Debug|Any CPU.ActiveCfg = Debug|Any CPU
		{81652AC4-E674-47C1-AEC1-D9808D2D6CAF}.Debug|Any CPU.Build.0 = Debug|Any CPU
		{81652AC4-E674-47C1-AEC1-D9808D2D6CAF}.Debug|x64.ActiveCfg = Debug|Any CPU
		{81652AC4-E674-47C1-AEC1-D9808D2D6CAF}.Debug|x64.Build.0 = Debug|Any CPU
		{81652AC4-E674-47C1-AEC1-D9808D2D6CAF}.Debug|x86.ActiveCfg = Debug|Any CPU
		{81652AC4-E674-47C1-AEC1-D9808D2D6CAF}.Debug|x86.Build.0 = Debug|Any CPU
		{81652AC4-E674-47C1-AEC1-D9808D2D6CAF}.Release|Any CPU.ActiveCfg = Release|Any CPU
		{81652AC4-E674-47C1-AEC1-D9808D2D6CAF}.Release|Any CPU.Build.0 = Release|Any CPU
		{81652AC4-E674-47C1-AEC1-D9808D2D6CAF}.Release|x64.ActiveCfg = Release|Any CPU
		{81652AC4-E674-47C1-AEC1-D9808D2D6CAF}.Release|x64.Build.0 = Release|Any CPU
		{81652AC4-E674-47C1-AEC1-D9808D2D6CAF}.Release|x86.ActiveCfg = Release|Any CPU
		{81652AC4-E674-47C1-AEC1-D9808D2D6CAF}.Release|x86.Build.0 = Release|Any CPU
		{EE79EE21-AE67-4E18-B540-C23C6BB4917F}.Debug|Any CPU.ActiveCfg = Debug|Any CPU
		{EE79EE21-AE67-4E18-B540-C23C6BB4917F}.Debug|Any CPU.Build.0 = Debug|Any CPU
		{EE79EE21-AE67-4E18-B540-C23C6BB4917F}.Debug|x64.ActiveCfg = Debug|Any CPU
		{EE79EE21-AE67-4E18-B540-C23C6BB4917F}.Debug|x64.Build.0 = Debug|Any CPU
		{EE79EE21-AE67-4E18-B540-C23C6BB4917F}.Debug|x86.ActiveCfg = Debug|Any CPU
		{EE79EE21-AE67-4E18-B540-C23C6BB4917F}.Debug|x86.Build.0 = Debug|Any CPU
		{EE79EE21-AE67-4E18-B540-C23C6BB4917F}.Release|Any CPU.ActiveCfg = Release|Any CPU
		{EE79EE21-AE67-4E18-B540-C23C6BB4917F}.Release|Any CPU.Build.0 = Release|Any CPU
		{EE79EE21-AE67-4E18-B540-C23C6BB4917F}.Release|x64.ActiveCfg = Release|Any CPU
		{EE79EE21-AE67-4E18-B540-C23C6BB4917F}.Release|x64.Build.0 = Release|Any CPU
		{EE79EE21-AE67-4E18-B540-C23C6BB4917F}.Release|x86.ActiveCfg = Release|Any CPU
		{EE79EE21-AE67-4E18-B540-C23C6BB4917F}.Release|x86.Build.0 = Release|Any CPU
		{2559E381-997B-49D3-A8C9-2845531CF64E}.Debug|Any CPU.ActiveCfg = Debug|Any CPU
		{2559E381-997B-49D3-A8C9-2845531CF64E}.Debug|Any CPU.Build.0 = Debug|Any CPU
		{2559E381-997B-49D3-A8C9-2845531CF64E}.Debug|x64.ActiveCfg = Debug|Any CPU
		{2559E381-997B-49D3-A8C9-2845531CF64E}.Debug|x64.Build.0 = Debug|Any CPU
		{2559E381-997B-49D3-A8C9-2845531CF64E}.Debug|x86.ActiveCfg = Debug|Any CPU
		{2559E381-997B-49D3-A8C9-2845531CF64E}.Debug|x86.Build.0 = Debug|Any CPU
		{2559E381-997B-49D3-A8C9-2845531CF64E}.Release|Any CPU.ActiveCfg = Release|Any CPU
		{2559E381-997B-49D3-A8C9-2845531CF64E}.Release|Any CPU.Build.0 = Release|Any CPU
		{2559E381-997B-49D3-A8C9-2845531CF64E}.Release|x64.ActiveCfg = Release|Any CPU
		{2559E381-997B-49D3-A8C9-2845531CF64E}.Release|x64.Build.0 = Release|Any CPU
		{2559E381-997B-49D3-A8C9-2845531CF64E}.Release|x86.ActiveCfg = Release|Any CPU
		{2559E381-997B-49D3-A8C9-2845531CF64E}.Release|x86.Build.0 = Release|Any CPU
	EndGlobalSection
	GlobalSection(NestedProjects) = preSolution
		{81652AC4-E674-47C1-AEC1-D9808D2D6CAF} = {7A805FCB-91B1-4BE7-9DC5-E28E2F0329DD}
		{EE79EE21-AE67-4E18-B540-C23C6BB4917F} = {7A805FCB-91B1-4BE7-9DC5-E28E2F0329DD}
		{2559E381-997B-49D3-A8C9-2845531CF64E} = {7A805FCB-91B1-4BE7-9DC5-E28E2F0329DD}
	EndGlobalSection
EndGlobal
